
Microsoft Visual Studio Solution File, Format Version 12.00
# Visual Studio Version 17
VisualStudioVersion = 17.1.32328.378
MinimumVisualStudioVersion = 10.0.40219.1
Project("{FAE04EC0-301F-11D3-BF4B-00C04F79EFBC}") = "Prac6", "Sixth\Prac6.csproj", "{B29BD0A7-5067-4AEC-9A85-79F628FFC955}"
EndProject
Global
	GlobalSection(SolutionConfigurationPlatforms) = preSolution
		Debug|Any CPU = Debug|Any CPU
		Release|Any CPU = Release|Any CPU
	EndGlobalSection
	GlobalSection(ProjectConfigurationPlatforms) = postSolution
		{B29BD0A7-5067-4AEC-9A85-79F628FFC955}.Debug|Any CPU.ActiveCfg = Debug|Any CPU
		{B29BD0A7-5067-4AEC-9A85-79F628FFC955}.Debug|Any CPU.Build.0 = Debug|Any CPU
		{B29BD0A7-5067-4AEC-9A85-79F628FFC955}.Release|Any CPU.ActiveCfg = Release|Any CPU
		{B29BD0A7-5067-4AEC-9A85-79F628FFC955}.Release|Any CPU.Build.0 = Release|Any CPU
	EndGlobalSection
	GlobalSection(SolutionProperties) = preSolution
		HideSolutionNode = FALSE
	EndGlobalSection
	GlobalSection(ExtensibilityGlobals) = postSolution
		SolutionGuid = {DE811A98-0EC0-4DAE-BBBB-F1C42BFF6FE1}
	EndGlobalSection
EndGlobal
